
Microsoft Visual Studio Solution File, Format Version 12.00
# Visual Studio 15
Project("{FAE04EC0-301F-11D3-BF4B-00C04F79EFBC}") = "Assembly-CSharp", "Assembly-CSharp.csproj", "{F77FEE4B-EC93-9021-94A4-4B0C07F26BAD}"
EndProject
Project("{FAE04EC0-301F-11D3-BF4B-00C04F79EFBC}") = "NavMeshComponents", "NavMeshComponents.csproj", "{023399AC-3EB8-9ECA-43C0-75DC05B0CA62}"
EndProject
Project("{FAE04EC0-301F-11D3-BF4B-00C04F79EFBC}") = "NavMeshComponentsEditor", "NavMeshComponentsEditor.csproj", "{16727B31-F45A-A174-7A72-DF571FF9978B}"
EndProject
Project("{FAE04EC0-301F-11D3-BF4B-00C04F79EFBC}") = "Assembly-CSharp-Editor", "Assembly-CSharp-Editor.csproj", "{3C9E62D9-138A-E307-3918-D2DEED3FD75D}"
EndProject
Global
	GlobalSection(SolutionConfigurationPlatforms) = preSolution
		Debug|Any CPU = Debug|Any CPU
		Release|Any CPU = Release|Any CPU
	EndGlobalSection
	GlobalSection(ProjectConfigurationPlatforms) = postSolution
		{F77FEE4B-EC93-9021-94A4-4B0C07F26BAD}.Debug|Any CPU.ActiveCfg = Debug|Any CPU
		{F77FEE4B-EC93-9021-94A4-4B0C07F26BAD}.Debug|Any CPU.Build.0 = Debug|Any CPU
		{F77FEE4B-EC93-9021-94A4-4B0C07F26BAD}.Release|Any CPU.ActiveCfg = Release|Any CPU
		{F77FEE4B-EC93-9021-94A4-4B0C07F26BAD}.Release|Any CPU.Build.0 = Release|Any CPU
		{023399AC-3EB8-9ECA-43C0-75DC05B0CA62}.Debug|Any CPU.ActiveCfg = Debug|Any CPU
		{023399AC-3EB8-9ECA-43C0-75DC05B0CA62}.Debug|Any CPU.Build.0 = Debug|Any CPU
		{023399AC-3EB8-9ECA-43C0-75DC05B0CA62}.Release|Any CPU.ActiveCfg = Release|Any CPU
		{023399AC-3EB8-9ECA-43C0-75DC05B0CA62}.Release|Any CPU.Build.0 = Release|Any CPU
		{16727B31-F45A-A174-7A72-DF571FF9978B}.Debug|Any CPU.ActiveCfg = Debug|Any CPU
		{16727B31-F45A-A174-7A72-DF571FF9978B}.Debug|Any CPU.Build.0 = Debug|Any CPU
		{16727B31-F45A-A174-7A72-DF571FF9978B}.Release|Any CPU.ActiveCfg = Release|Any CPU
		{16727B31-F45A-A174-7A72-DF571FF9978B}.Release|Any CPU.Build.0 = Release|Any CPU
		{3C9E62D9-138A-E307-3918-D2DEED3FD75D}.Debug|Any CPU.ActiveCfg = Debug|Any CPU
		{3C9E62D9-138A-E307-3918-D2DEED3FD75D}.Debug|Any CPU.Build.0 = Debug|Any CPU
		{3C9E62D9-138A-E307-3918-D2DEED3FD75D}.Release|Any CPU.ActiveCfg = Release|Any CPU
		{3C9E62D9-138A-E307-3918-D2DEED3FD75D}.Release|Any CPU.Build.0 = Release|Any CPU
	EndGlobalSection
	GlobalSection(SolutionProperties) = preSolution
		HideSolutionNode = FALSE
	EndGlobalSection
EndGlobal
